
Microsoft Visual Studio Solution File, Format Version 12.00
# Visual Studio Version 17
VisualStudioVersion = 17.14.36705.20 d17.14
MinimumVisualStudioVersion = 10.0.40219.1
Project("{54A90642-561A-4BB1-A94E-469ADEE60C69}") = "game.client", "game.client\game.client.esproj", "{D06DB1AD-94E8-F482-85DE-3177CB495809}"
EndProject
Project("{FAE04EC0-301F-11D3-BF4B-00C04F79EFBC}") = "game.Server", "game.Server\game.Server.csproj", "{EE94A45F-3F3B-445E-A479-9EBDC4AD78BA}"
EndProject
Global
	GlobalSection(SolutionConfigurationPlatforms) = preSolution
		Debug|Any CPU = Debug|Any CPU
		Release|Any CPU = Release|Any CPU
	EndGlobalSection
	GlobalSection(ProjectConfigurationPlatforms) = postSolution
		{D06DB1AD-94E8-F482-85DE-3177CB495809}.Debug|Any CPU.ActiveCfg = Debug|Any CPU
		{D06DB1AD-94E8-F482-85DE-3177CB495809}.Debug|Any CPU.Build.0 = Debug|Any CPU
		{D06DB1AD-94E8-F482-85DE-3177CB495809}.Debug|Any CPU.Deploy.0 = Debug|Any CPU
		{D06DB1AD-94E8-F482-85DE-3177CB495809}.Release|Any CPU.ActiveCfg = Release|Any CPU
		{D06DB1AD-94E8-F482-85DE-3177CB495809}.Release|Any CPU.Build.0 = Release|Any CPU
		{D06DB1AD-94E8-F482-85DE-3177CB495809}.Release|Any CPU.Deploy.0 = Release|Any CPU
		{EE94A45F-3F3B-445E-A479-9EBDC4AD78BA}.Debug|Any CPU.ActiveCfg = Debug|Any CPU
		{EE94A45F-3F3B-445E-A479-9EBDC4AD78BA}.Debug|Any CPU.Build.0 = Debug|Any CPU
		{EE94A45F-3F3B-445E-A479-9EBDC4AD78BA}.Release|Any CPU.ActiveCfg = Release|Any CPU
		{EE94A45F-3F3B-445E-A479-9EBDC4AD78BA}.Release|Any CPU.Build.0 = Release|Any CPU
	EndGlobalSection
	GlobalSection(SolutionProperties) = preSolution
		HideSolutionNode = FALSE
	EndGlobalSection
	GlobalSection(ExtensibilityGlobals) = postSolution
		SolutionGuid = {D72F2243-B8E8-4824-BF33-55A6F38462C8}
	EndGlobalSection
EndGlobal
